
Microsoft Visual Studio Solution File, Format Version 12.00
# Visual Studio Version 17
VisualStudioVersion = 17.10.34707.107
MinimumVisualStudioVersion = 10.0.40219.1
Project("{8BC9CEB8-8B4A-11D0-8D11-00A0C91BC942}") = "Camera", "Camera.vcxproj", "{09A940D6-D822-4B2D-A83D-EB1E696690AC}"
EndProject
Global
	GlobalSection(SolutionConfigurationPlatforms) = preSolution
		Debug|x64 = Debug|x64
		Debug|x86 = Debug|x86
		Release|x64 = Release|x64
		Release|x86 = Release|x86
	EndGlobalSection
	GlobalSection(ProjectConfigurationPlatforms) = postSolution
		{09A940D6-D822-4B2D-A83D-EB1E696690AC}.Debug|x64.ActiveCfg = Debug|x64
		{09A940D6-D822-4B2D-A83D-EB1E696690AC}.Debug|x64.Build.0 = Debug|x64
		{09A940D6-D822-4B2D-A83D-EB1E696690AC}.Debug|x86.ActiveCfg = Debug|Win32
		{09A940D6-D822-4B2D-A83D-EB1E696690AC}.Debug|x86.Build.0 = Debug|Win32
		{09A940D6-D822-4B2D-A83D-EB1E696690AC}.Release|x64.ActiveCfg = Release|x64
		{09A940D6-D822-4B2D-A83D-EB1E696690AC}.Release|x64.Build.0 = Release|x64
		{09A940D6-D822-4B2D-A83D-EB1E696690AC}.Release|x86.ActiveCfg = Release|Win32
		{09A940D6-D822-4B2D-A83D-EB1E696690AC}.Release|x86.Build.0 = Release|Win32
	EndGlobalSection
	GlobalSection(SolutionProperties) = preSolution
		HideSolutionNode = FALSE
	EndGlobalSection
	GlobalSection(ExtensibilityGlobals) = postSolution
		SolutionGuid = {3C724DB9-538B-43AB-BCBE-4F6A519C845B}
	EndGlobalSection
EndGlobal
