
Microsoft Visual Studio Solution File, Format Version 12.00
# Visual Studio Version 17
VisualStudioVersion = 17.10.34707.107
MinimumVisualStudioVersion = 10.0.40219.1
Project("{8BC9CEB8-8B4A-11D0-8D11-00A0C91BC942}") = "3dPrimitives", "3dPrimitives.vcxproj", "{E9AE4F25-7BF1-48D0-A6DB-C25374D3844C}"
EndProject
Global
	GlobalSection(SolutionConfigurationPlatforms) = preSolution
		Debug|x64 = Debug|x64
		Debug|x86 = Debug|x86
		Release|x64 = Release|x64
		Release|x86 = Release|x86
	EndGlobalSection
	GlobalSection(ProjectConfigurationPlatforms) = postSolution
		{E9AE4F25-7BF1-48D0-A6DB-C25374D3844C}.Debug|x64.ActiveCfg = Debug|x64
		{E9AE4F25-7BF1-48D0-A6DB-C25374D3844C}.Debug|x64.Build.0 = Debug|x64
		{E9AE4F25-7BF1-48D0-A6DB-C25374D3844C}.Debug|x86.ActiveCfg = Debug|Win32
		{E9AE4F25-7BF1-48D0-A6DB-C25374D3844C}.Debug|x86.Build.0 = Debug|Win32
		{E9AE4F25-7BF1-48D0-A6DB-C25374D3844C}.Release|x64.ActiveCfg = Release|x64
		{E9AE4F25-7BF1-48D0-A6DB-C25374D3844C}.Release|x64.Build.0 = Release|x64
		{E9AE4F25-7BF1-48D0-A6DB-C25374D3844C}.Release|x86.ActiveCfg = Release|Win32
		{E9AE4F25-7BF1-48D0-A6DB-C25374D3844C}.Release|x86.Build.0 = Release|Win32
	EndGlobalSection
	GlobalSection(SolutionProperties) = preSolution
		HideSolutionNode = FALSE
	EndGlobalSection
	GlobalSection(ExtensibilityGlobals) = postSolution
		SolutionGuid = {70DCDFD9-A601-4B67-AF53-76F5D017B1B3}
	EndGlobalSection
EndGlobal
