
Microsoft Visual Studio Solution File, Format Version 12.00
# Visual Studio Version 17
VisualStudioVersion = 17.10.34707.107
MinimumVisualStudioVersion = 10.0.40219.1
Project("{8BC9CEB8-8B4A-11D0-8D11-00A0C91BC942}") = "ECSbasics", "ECSbasics.vcxproj", "{371B7EBA-24C7-4623-B592-97A3C5067B2B}"
EndProject
Global
	GlobalSection(SolutionConfigurationPlatforms) = preSolution
		Debug|x64 = Debug|x64
		Debug|x86 = Debug|x86
		Release|x64 = Release|x64
		Release|x86 = Release|x86
	EndGlobalSection
	GlobalSection(ProjectConfigurationPlatforms) = postSolution
		{371B7EBA-24C7-4623-B592-97A3C5067B2B}.Debug|x64.ActiveCfg = Debug|x64
		{371B7EBA-24C7-4623-B592-97A3C5067B2B}.Debug|x64.Build.0 = Debug|x64
		{371B7EBA-24C7-4623-B592-97A3C5067B2B}.Debug|x86.ActiveCfg = Debug|Win32
		{371B7EBA-24C7-4623-B592-97A3C5067B2B}.Debug|x86.Build.0 = Debug|Win32
		{371B7EBA-24C7-4623-B592-97A3C5067B2B}.Release|x64.ActiveCfg = Release|x64
		{371B7EBA-24C7-4623-B592-97A3C5067B2B}.Release|x64.Build.0 = Release|x64
		{371B7EBA-24C7-4623-B592-97A3C5067B2B}.Release|x86.ActiveCfg = Release|Win32
		{371B7EBA-24C7-4623-B592-97A3C5067B2B}.Release|x86.Build.0 = Release|Win32
	EndGlobalSection
	GlobalSection(SolutionProperties) = preSolution
		HideSolutionNode = FALSE
	EndGlobalSection
	GlobalSection(ExtensibilityGlobals) = postSolution
		SolutionGuid = {039D2FE7-A416-4800-B8EF-BE96F0569273}
	EndGlobalSection
EndGlobal
